
Microsoft Visual Studio Solution File, Format Version 12.00
# Visual Studio 15
VisualStudioVersion = 15.0.28307.902
MinimumVisualStudioVersion = 10.0.40219.1
Project("{FAE04EC0-301F-11D3-BF4B-00C04F79EFBC}") = "RepositoryPattern", "RepositoryPattern\RepositoryPattern.csproj", "{6E9C7454-6424-4CD6-B193-578F401A673B}"
EndProject
Project("{FAE04EC0-301F-11D3-BF4B-00C04F79EFBC}") = "DataAccessLayer", "DataAccessLayer\DataAccessLayer.csproj", "{13582604-888E-42D0-BEB0-462873EE45A8}"
EndProject
Project("{FAE04EC0-301F-11D3-BF4B-00C04F79EFBC}") = "BusinessLayer", "BusinessLayer\BusinessLayer.csproj", "{32695061-DB23-4179-B1E2-72413E041C65}"
EndProject
Project("{FAE04EC0-301F-11D3-BF4B-00C04F79EFBC}") = "DataTransferObject", "DataTransferObject\DataTransferObject.csproj", "{40244BE4-7D55-4D0E-AD9C-D41FA020F5E7}"
EndProject
Global
	GlobalSection(SolutionConfigurationPlatforms) = preSolution
		Debug|Any CPU = Debug|Any CPU
		Release|Any CPU = Release|Any CPU
	EndGlobalSection
	GlobalSection(ProjectConfigurationPlatforms) = postSolution
		{6E9C7454-6424-4CD6-B193-578F401A673B}.Debug|Any CPU.ActiveCfg = Debug|Any CPU
		{6E9C7454-6424-4CD6-B193-578F401A673B}.Debug|Any CPU.Build.0 = Debug|Any CPU
		{6E9C7454-6424-4CD6-B193-578F401A673B}.Release|Any CPU.ActiveCfg = Release|Any CPU
		{6E9C7454-6424-4CD6-B193-578F401A673B}.Release|Any CPU.Build.0 = Release|Any CPU
		{13582604-888E-42D0-BEB0-462873EE45A8}.Debug|Any CPU.ActiveCfg = Debug|Any CPU
		{13582604-888E-42D0-BEB0-462873EE45A8}.Debug|Any CPU.Build.0 = Debug|Any CPU
		{13582604-888E-42D0-BEB0-462873EE45A8}.Release|Any CPU.ActiveCfg = Release|Any CPU
		{13582604-888E-42D0-BEB0-462873EE45A8}.Release|Any CPU.Build.0 = Release|Any CPU
		{32695061-DB23-4179-B1E2-72413E041C65}.Debug|Any CPU.ActiveCfg = Debug|Any CPU
		{32695061-DB23-4179-B1E2-72413E041C65}.Debug|Any CPU.Build.0 = Debug|Any CPU
		{32695061-DB23-4179-B1E2-72413E041C65}.Release|Any CPU.ActiveCfg = Release|Any CPU
		{32695061-DB23-4179-B1E2-72413E041C65}.Release|Any CPU.Build.0 = Release|Any CPU
		{40244BE4-7D55-4D0E-AD9C-D41FA020F5E7}.Debug|Any CPU.ActiveCfg = Debug|Any CPU
		{40244BE4-7D55-4D0E-AD9C-D41FA020F5E7}.Debug|Any CPU.Build.0 = Debug|Any CPU
		{40244BE4-7D55-4D0E-AD9C-D41FA020F5E7}.Release|Any CPU.ActiveCfg = Release|Any CPU
		{40244BE4-7D55-4D0E-AD9C-D41FA020F5E7}.Release|Any CPU.Build.0 = Release|Any CPU
	EndGlobalSection
	GlobalSection(SolutionProperties) = preSolution
		HideSolutionNode = FALSE
	EndGlobalSection
	GlobalSection(ExtensibilityGlobals) = postSolution
		SolutionGuid = {ED6DEADA-0CB8-40B7-8DD1-781864EF635D}
	EndGlobalSection
EndGlobal
